// !$*UTF8*$!
{
	archiveVersion = 1;
	classes = {
	};
	objectVersion = 52;
	objects = {

/* Begin PBXBuildFile section */
		2FFD40C325788EBA00043C16 /* AppDelegate.swift in Sources */ = {isa = PBXBuildFile; fileRef = 2FFD40C225788EBA00043C16 /* AppDelegate.swift */; };
		2FFD40C525788EBA00043C16 /* SceneDelegate.swift in Sources */ = {isa = PBXBuildFile; fileRef = 2FFD40C425788EBA00043C16 /* SceneDelegate.swift */; };
		2FFD40C725788EBA00043C16 /* ViewController.swift in Sources */ = {isa = PBXBuildFile; fileRef = 2FFD40C625788EBA00043C16 /* ViewController.swift */; };
		2FFD40CA25788EBA00043C16 /* Main.storyboard in Resources */ = {isa = PBXBuildFile; fileRef = 2FFD40C825788EBA00043C16 /* Main.storyboard */; };
		2FFD40CC25788EBC00043C16 /* Assets.xcassets in Resources */ = {isa = PBXBuildFile; fileRef = 2FFD40CB25788EBC00043C16 /* Assets.xcassets */; };
		2FFD40CF25788EBC00043C16 /* LaunchScreen.storyboard in Resources */ = {isa = PBXBuildFile; fileRef = 2FFD40CD25788EBC00043C16 /* LaunchScreen.storyboard */; };
		2FFD40D925788EDB00043C16 /* DateTimeViewModel.swift in Sources */ = {isa = PBXBuildFile; fileRef = 2FFD40D825788EDB00043C16 /* DateTimeViewModel.swift */; };
		2FFD40DF25788F1500043C16 /* Obvs in Frameworks */ = {isa = PBXBuildFile; productRef = 2FFD40DE25788F1500043C16 /* Obvs */; };
/* End PBXBuildFile section */

/* Begin PBXFileReference section */
		2FFD40BF25788EBA00043C16 /* ObvsDemo.app */ = {isa = PBXFileReference; explicitFileType = wrapper.application; includeInIndex = 0; path = ObvsDemo.app; sourceTree = BUILT_PRODUCTS_DIR; };
		2FFD40C225788EBA00043C16 /* AppDelegate.swift */ = {isa = PBXFileReference; lastKnownFileType = sourcecode.swift; path = AppDelegate.swift; sourceTree = "<group>"; };
		2FFD40C425788EBA00043C16 /* SceneDelegate.swift */ = {isa = PBXFileReference; lastKnownFileType = sourcecode.swift; path = SceneDelegate.swift; sourceTree = "<group>"; };
		2FFD40C625788EBA00043C16 /* ViewController.swift */ = {isa = PBXFileReference; lastKnownFileType = sourcecode.swift; path = ViewController.swift; sourceTree = "<group>"; };
		2FFD40C925788EBA00043C16 /* Base */ = {isa = PBXFileReference; lastKnownFileType = file.storyboard; name = Base; path = Base.lproj/Main.storyboard; sourceTree = "<group>"; };
		2FFD40CB25788EBC00043C16 /* Assets.xcassets */ = {isa = PBXFileReference; lastKnownFileType = folder.assetcatalog; path = Assets.xcassets; sourceTree = "<group>"; };
		2FFD40CE25788EBC00043C16 /* Base */ = {isa = PBXFileReference; lastKnownFileType = file.storyboard; name = Base; path = Base.lproj/LaunchScreen.storyboard; sourceTree = "<group>"; };
		2FFD40D025788EBC00043C16 /* Info.plist */ = {isa = PBXFileReference; lastKnownFileType = text.plist.xml; path = Info.plist; sourceTree = "<group>"; };
		2FFD40D825788EDB00043C16 /* DateTimeViewModel.swift */ = {isa = PBXFileReference; lastKnownFileType = sourcecode.swift; path = DateTimeViewModel.swift; sourceTree = "<group>"; };
/* End PBXFileReference section */

/* Begin PBXFrameworksBuildPhase section */
		2FFD40BC25788EBA00043C16 /* Frameworks */ = {
			isa = PBXFrameworksBuildPhase;
			buildActionMask = 2147483647;
			files = (
				2FFD40DF25788F1500043C16 /* Obvs in Frameworks */,
			);
			runOnlyForDeploymentPostprocessing = 0;
		};
/* End PBXFrameworksBuildPhase section */

/* Begin PBXGroup section */
		2FFD40B625788EBA00043C16 = {
			isa = PBXGroup;
			children = (
				2FFD40C125788EBA00043C16 /* ObvsDemo */,
				2FFD40C025788EBA00043C16 /* Products */,
			);
			sourceTree = "<group>";
		};
		2FFD40C025788EBA00043C16 /* Products */ = {
			isa = PBXGroup;
			children = (
				2FFD40BF25788EBA00043C16 /* ObvsDemo.app */,
			);
			name = Products;
			sourceTree = "<group>";
		};
		2FFD40C125788EBA00043C16 /* ObvsDemo */ = {
			isa = PBXGroup;
			children = (
				2FFD40C225788EBA00043C16 /* AppDelegate.swift */,
				2FFD40C425788EBA00043C16 /* SceneDelegate.swift */,
				2FFD40C625788EBA00043C16 /* ViewController.swift */,
				2FFD40D825788EDB00043C16 /* DateTimeViewModel.swift */,
				2FFD40C825788EBA00043C16 /* Main.storyboard */,
				2FFD40CB25788EBC00043C16 /* Assets.xcassets */,
				2FFD40CD25788EBC00043C16 /* LaunchScreen.storyboard */,
				2FFD40D025788EBC00043C16 /* Info.plist */,
			);
			path = ObvsDemo;
			sourceTree = "<group>";
		};
/* End PBXGroup section */

/* Begin PBXNativeTarget section */
		2FFD40BE25788EBA00043C16 /* ObvsDemo */ = {
			isa = PBXNativeTarget;
			buildConfigurationList = 2FFD40D325788EBC00043C16 /* Build configuration list for PBXNativeTarget "ObvsDemo" */;
			buildPhases = (
				2FFD40BB25788EBA00043C16 /* Sources */,
				2FFD40BC25788EBA00043C16 /* Frameworks */,
				2FFD40BD25788EBA00043C16 /* Resources */,
			);
			buildRules = (
			);
			dependencies = (
			);
			name = ObvsDemo;
			packageProductDependencies = (
				2FFD40DE25788F1500043C16 /* Obvs */,
			);
			productName = ObvsDemo;
			productReference = 2FFD40BF25788EBA00043C16 /* ObvsDemo.app */;
			productType = "com.apple.product-type.application";
		};
/* End PBXNativeTarget section */

/* Begin PBXProject section */
		2FFD40B725788EBA00043C16 /* Project object */ = {
			isa = PBXProject;
			attributes = {
				LastSwiftUpdateCheck = 1220;
				LastUpgradeCheck = 1220;
				TargetAttributes = {
					2FFD40BE25788EBA00043C16 = {
						CreatedOnToolsVersion = 12.2;
					};
				};
			};
			buildConfigurationList = 2FFD40BA25788EBA00043C16 /* Build configuration list for PBXProject "ObvsDemo" */;
			compatibilityVersion = "Xcode 9.3";
			developmentRegion = en;
			hasScannedForEncodings = 0;
			knownRegions = (
				en,
				Base,
			);
			mainGroup = 2FFD40B625788EBA00043C16;
			packageReferences = (
				2FFD40DD25788F1500043C16 /* XCRemoteSwiftPackageReference "Obvs" */,
			);
			productRefGroup = 2FFD40C025788EBA00043C16 /* Products */;
			projectDirPath = "";
			projectRoot = "";
			targets = (
				2FFD40BE25788EBA00043C16 /* ObvsDemo */,
			);
		};
/* End PBXProject section */

/* Begin PBXResourcesBuildPhase section */
		2FFD40BD25788EBA00043C16 /* Resources */ = {
			isa = PBXResourcesBuildPhase;
			buildActionMask = 2147483647;
			files = (
				2FFD40CF25788EBC00043C16 /* LaunchScreen.storyboard in Resources */,
				2FFD40CC25788EBC00043C16 /* Assets.xcassets in Resources */,
				2FFD40CA25788EBA00043C16 /* Main.storyboard in Resources */,
			);
			runOnlyForDeploymentPostprocessing = 0;
		};
/* End PBXResourcesBuildPhase section */

/* Begin PBXSourcesBuildPhase section */
		2FFD40BB25788EBA00043C16 /* Sources */ = {
			isa = PBXSourcesBuildPhase;
			buildActionMask = 2147483647;
			files = (
				2FFD40C725788EBA00043C16 /* ViewController.swift in Sources */,
				2FFD40C325788EBA00043C16 /* AppDelegate.swift in Sources */,
				2FFD40C525788EBA00043C16 /* SceneDelegate.swift in Sources */,
				2FFD40D925788EDB00043C16 /* DateTimeViewModel.swift in Sources */,
			);
			runOnlyForDeploymentPostprocessing = 0;
		};
/* End PBXSourcesBuildPhase section */

/* Begin PBXVariantGroup section */
		2FFD40C825788EBA00043C16 /* Main.storyboard */ = {
			isa = PBXVariantGroup;
			children = (
				2FFD40C925788EBA00043C16 /* Base */,
			);
			name = Main.storyboard;
			sourceTree = "<group>";
		};
		2FFD40CD25788EBC00043C16 /* LaunchScreen.storyboard */ = {
			isa = PBXVariantGroup;
			children = (
				2FFD40CE25788EBC00043C16 /* Base */,
			);
			name = LaunchScreen.storyboard;
			sourceTree = "<group>";
		};
/* End PBXVariantGroup section */

/* Begin XCBuildConfiguration section */
		2FFD40D125788EBC00043C16 /* Debug */ = {
			isa = XCBuildConfiguration;
			buildSettings = {
				ALWAYS_SEARCH_USER_PATHS = NO;
				CLANG_ANALYZER_NONNULL = YES;
				CLANG_ANALYZER_NUMBER_OBJECT_CONVERSION = YES_AGGRESSIVE;
				CLANG_CXX_LANGUAGE_STANDARD = "gnu++14";
				CLANG_CXX_LIBRARY = "libc++";
				CLANG_ENABLE_MODULES = YES;
				CLANG_ENABLE_OBJC_ARC = YES;
				CLANG_ENABLE_OBJC_WEAK = YES;
				CLANG_WARN_BLOCK_CAPTURE_AUTORELEASING = YES;
				CLANG_WARN_BOOL_CONVERSION = YES;
				CLANG_WARN_COMMA = YES;
				CLANG_WARN_CONSTANT_CONVERSION = YES;
				CLANG_WARN_DEPRECATED_OBJC_IMPLEMENTATIONS = YES;
				CLANG_WARN_DIRECT_OBJC_ISA_USAGE = YES_ERROR;
				CLANG_WARN_DOCUMENTATION_COMMENTS = YES;
				CLANG_WARN_EMPTY_BODY = YES;
				CLANG_WARN_ENUM_CONVERSION = YES;
				CLANG_WARN_INFINITE_RECURSION = YES;
				CLANG_WARN_INT_CONVERSION = YES;
				CLANG_WARN_NON_LITERAL_NULL_CONVERSION = YES;
				CLANG_WARN_OBJC_IMPLICIT_RETAIN_SELF = YES;
				CLANG_WARN_OBJC_LITERAL_CONVERSION = YES;
				CLANG_WARN_OBJC_ROOT_CLASS = YES_ERROR;
				CLANG_WARN_QUOTED_INCLUDE_IN_FRAMEWORK_HEADER = YES;
				CLANG_WARN_RANGE_LOOP_ANALYSIS = YES;
				CLANG_WARN_STRICT_PROTOTYPES = YES;
				CLANG_WARN_SUSPICIOUS_MOVE = YES;
				CLANG_WARN_UNGUARDED_AVAILABILITY = YES_AGGRESSIVE;
				CLANG_WARN_UNREACHABLE_CODE = YES;
				CLANG_WARN__DUPLICATE_METHOD_MATCH = YES;
				COPY_PHASE_STRIP = NO;
				DEBUG_INFORMATION_FORMAT = dwarf;
				ENABLE_STRICT_OBJC_MSGSEND = YES;
				ENABLE_TESTABILITY = YES;
				GCC_C_LANGUAGE_STANDARD = gnu11;
				GCC_DYNAMIC_NO_PIC = NO;
				GCC_NO_COMMON_BLOCKS = YES;
				GCC_OPTIMIZATION_LEVEL = 0;
				GCC_PREPROCESSOR_DEFINITIONS = (
					"DEBUG=1",
					"$(inherited)",
				);
				GCC_WARN_64_TO_32_BIT_CONVERSION = YES;
				GCC_WARN_ABOUT_RETURN_TYPE = YES_ERROR;
				GCC_WARN_UNDECLARED_SELECTOR = YES;
				GCC_WARN_UNINITIALIZED_AUTOS = YES_AGGRESSIVE;
				GCC_WARN_UNUSED_FUNCTION = YES;
				GCC_WARN_UNUSED_VARIABLE = YES;
				IPHONEOS_DEPLOYMENT_TARGET = 14.2;
				MTL_ENABLE_DEBUG_INFO = INCLUDE_SOURCE;
				MTL_FAST_MATH = YES;
				ONLY_ACTIVE_ARCH = YES;
				SDKROOT = iphoneos;
				SWIFT_ACTIVE_COMPILATION_CONDITIONS = DEBUG;
				SWIFT_OPTIMIZATION_LEVEL = "-Onone";
			};
			name = Debug;
		};
		2FFD40D225788EBC00043C16 /* Release */ = {
			isa = XCBuildConfiguration;
			buildSettings = {
				ALWAYS_SEARCH_USER_PATHS = NO;
				CLANG_ANALYZER_NONNULL = YES;
				CLANG_ANALYZER_NUMBER_OBJECT_CONVERSION = YES_AGGRESSIVE;
				CLANG_CXX_LANGUAGE_STANDARD = "gnu++14";
				CLANG_CXX_LIBRARY = "libc++";
				CLANG_ENABLE_MODULES = YES;
				CLANG_ENABLE_OBJC_ARC = YES;
				CLANG_ENABLE_OBJC_WEAK = YES;
				CLANG_WARN_BLOCK_CAPTURE_AUTORELEASING = YES;
				CLANG_WARN_BOOL_CONVERSION = YES;
				CLANG_WARN_COMMA = YES;
				CLANG_WARN_CONSTANT_CONVERSION = YES;
				CLANG_WARN_DEPRECATED_OBJC_IMPLEMENTATIONS = YES;
				CLANG_WARN_DIRECT_OBJC_ISA_USAGE = YES_ERROR;
				CLANG_WARN_DOCUMENTATION_COMMENTS = YES;
				CLANG_WARN_EMPTY_BODY = YES;
				CLANG_WARN_ENUM_CONVERSION = YES;
				CLANG_WARN_INFINITE_RECURSION = YES;
				CLANG_WARN_INT_CONVERSION = YES;
				CLANG_WARN_NON_LITERAL_NULL_CONVERSION = YES;
				CLANG_WARN_OBJC_IMPLICIT_RETAIN_SELF = YES;
				CLANG_WARN_OBJC_LITERAL_CONVERSION = YES;
				CLANG_WARN_OBJC_ROOT_CLASS = YES_ERROR;
				CLANG_WARN_QUOTED_INCLUDE_IN_FRAMEWORK_HEADER = YES;
				CLANG_WARN_RANGE_LOOP_ANALYSIS = YES;
				CLANG_WARN_STRICT_PROTOTYPES = YES;
				CLANG_WARN_SUSPICIOUS_MOVE = YES;
				CLANG_WARN_UNGUARDED_AVAILABILITY = YES_AGGRESSIVE;
				CLANG_WARN_UNREACHABLE_CODE = YES;
				CLANG_WARN__DUPLICATE_METHOD_MATCH = YES;
				COPY_PHASE_STRIP = NO;
				DEBUG_INFORMATION_FORMAT = "dwarf-with-dsym";
				ENABLE_NS_ASSERTIONS = NO;
				ENABLE_STRICT_OBJC_MSGSEND = YES;
				GCC_C_LANGUAGE_STANDARD = gnu11;
				GCC_NO_COMMON_BLOCKS = YES;
				GCC_WARN_64_TO_32_BIT_CONVERSION = YES;
				GCC_WARN_ABOUT_RETURN_TYPE = YES_ERROR;
				GCC_WARN_UNDECLARED_SELECTOR = YES;
				GCC_WARN_UNINITIALIZED_AUTOS = YES_AGGRESSIVE;
				GCC_WARN_UNUSED_FUNCTION = YES;
				GCC_WARN_UNUSED_VARIABLE = YES;
				IPHONEOS_DEPLOYMENT_TARGET = 14.2;
				MTL_ENABLE_DEBUG_INFO = NO;
				MTL_FAST_MATH = YES;
				SDKROOT = iphoneos;
				SWIFT_COMPILATION_MODE = wholemodule;
				SWIFT_OPTIMIZATION_LEVEL = "-O";
				VALIDATE_PRODUCT = YES;
			};
			name = Release;
		};
		2FFD40D425788EBC00043C16 /* Debug */ = {
			isa = XCBuildConfiguration;
			buildSettings = {
				ASSETCATALOG_COMPILER_APPICON_NAME = AppIcon;
				ASSETCATALOG_COMPILER_GLOBAL_ACCENT_COLOR_NAME = AccentColor;
				CODE_SIGN_STYLE = Automatic;
				INFOPLIST_FILE = ObvsDemo/Info.plist;
				IPHONEOS_DEPLOYMENT_TARGET = 14.0;
				LD_RUNPATH_SEARCH_PATHS = (
					"$(inherited)",
					"@executable_path/Frameworks",
				);
				PRODUCT_BUNDLE_IDENTIFIER = com.harlankellaway.ObvsDemo;
				PRODUCT_NAME = "$(TARGET_NAME)";
				SWIFT_VERSION = 5.0;
				TARGETED_DEVICE_FAMILY = "1,2";
			};
			name = Debug;
		};
		2FFD40D525788EBC00043C16 /* Release */ = {
			isa = XCBuildConfiguration;
			buildSettings = {
				ASSETCATALOG_COMPILER_APPICON_NAME = AppIcon;
				ASSETCATALOG_COMPILER_GLOBAL_ACCENT_COLOR_NAME = AccentColor;
				CODE_SIGN_STYLE = Automatic;
				INFOPLIST_FILE = ObvsDemo/Info.plist;
				IPHONEOS_DEPLOYMENT_TARGET = 14.0;
				LD_RUNPATH_SEARCH_PATHS = (
					"$(inherited)",
					"@executable_path/Frameworks",
				);
				PRODUCT_BUNDLE_IDENTIFIER = com.harlankellaway.ObvsDemo;
				PRODUCT_NAME = "$(TARGET_NAME)";
				SWIFT_VERSION = 5.0;
				TARGETED_DEVICE_FAMILY = "1,2";
			};
			name = Release;
		};
/* End XCBuildConfiguration section */

/* Begin XCConfigurationList section */
		2FFD40BA25788EBA00043C16 /* Build configuration list for PBXProject "ObvsDemo" */ = {
			isa = XCConfigurationList;
			buildConfigurations = (
				2FFD40D125788EBC00043C16 /* Debug */,
				2FFD40D225788EBC00043C16 /* Release */,
			);
			defaultConfigurationIsVisible = 0;
			defaultConfigurationName = Release;
		};
		2FFD40D325788EBC00043C16 /* Build configuration list for PBXNativeTarget "ObvsDemo" */ = {
			isa = XCConfigurationList;
			buildConfigurations = (
				2FFD40D425788EBC00043C16 /* Debug */,
				2FFD40D525788EBC00043C16 /* Release */,
			);
			defaultConfigurationIsVisible = 0;
			defaultConfigurationName = Release;
		};
/* End XCConfigurationList section */

/* Begin XCRemoteSwiftPackageReference section */
		2FFD40DD25788F1500043C16 /* XCRemoteSwiftPackageReference "Obvs" */ = {
			isa = XCRemoteSwiftPackageReference;
			repositoryURL = "https://github.com/hkellaway/Obvs";
			requirement = {
				branch = main;
				kind = branch;
			};
		};
/* End XCRemoteSwiftPackageReference section */

/* Begin XCSwiftPackageProductDependency section */
		2FFD40DE25788F1500043C16 /* Obvs */ = {
			isa = XCSwiftPackageProductDependency;
			package = 2FFD40DD25788F1500043C16 /* XCRemoteSwiftPackageReference "Obvs" */;
			productName = Obvs;
		};
/* End XCSwiftPackageProductDependency section */
	};
	rootObject = 2FFD40B725788EBA00043C16 /* Project object */;
}
