{
  "object": {
    "pins": [
      {
        "package": "Obvs",
        "repositoryURL": "https://github.com/hkellaway/Obvs",
        "state": {
          "branch": "main",
          "revision": "728415d0924d4868d5dd881b25139c0329407716",
          "version": null
        }
      }
    ]
  },
  "version": 1
}
